// !$*UTF8*$!
{
	archiveVersion = 1;
	classes = {
	};
	objectVersion = 48;
	objects = {

/* Begin PBXBuildFile section */
		8543D0D03B35C5B39626F84A /* Pods_MiningPoolHub.framework in Frameworks */ = {isa = PBXBuildFile; fileRef = B692D727EA42EBC71B3DE216 /* Pods_MiningPoolHub.framework */; };
		E2CE5D38328E0209329E37DE /* Pods_MiningPoolHubTests.framework in Frameworks */ = {isa = PBXBuildFile; fileRef = 454A062888A9085CDA157D20 /* Pods_MiningPoolHubTests.framework */; };
		F004B1DD1FEB60230017ECFF /* PulsableTableViewCell.swift in Sources */ = {isa = PBXBuildFile; fileRef = F004B1DC1FEB60230017ECFF /* PulsableTableViewCell.swift */; };
		F00D68661FEA03EF003C80C2 /* ProfitStatisticsTableViewCell.swift in Sources */ = {isa = PBXBuildFile; fileRef = F00D68641FEA03EF003C80C2 /* ProfitStatisticsTableViewCell.swift */; };
		F00D68671FEA03EF003C80C2 /* ProfitStatisticsTableViewCell.xib in Resources */ = {isa = PBXBuildFile; fileRef = F00D68651FEA03EF003C80C2 /* ProfitStatisticsTableViewCell.xib */; };
		F00D68691FEA0A8D003C80C2 /* ProfitStatisticsViewController.swift in Sources */ = {isa = PBXBuildFile; fileRef = F00D68681FEA0A8D003C80C2 /* ProfitStatisticsViewController.swift */; };
		F00D686C1FEA0C57003C80C2 /* MphNavigationController.swift in Sources */ = {isa = PBXBuildFile; fileRef = F00D686B1FEA0C57003C80C2 /* MphNavigationController.swift */; };
		F00D686E1FEA11DC003C80C2 /* ProfitStatisticsViewController.xib in Resources */ = {isa = PBXBuildFile; fileRef = F00D686D1FEA11DB003C80C2 /* ProfitStatisticsViewController.xib */; };
		F00D68711FEA1480003C80C2 /* ContentType.swift in Sources */ = {isa = PBXBuildFile; fileRef = F00D68701FEA1480003C80C2 /* ContentType.swift */; };
		F00D68731FEA148C003C80C2 /* Normalization.swift in Sources */ = {isa = PBXBuildFile; fileRef = F00D68721FEA148C003C80C2 /* Normalization.swift */; };
		F00D68761FEA31EB003C80C2 /* UserBalancesTableViewController.swift in Sources */ = {isa = PBXBuildFile; fileRef = F00D68751FEA31EB003C80C2 /* UserBalancesTableViewController.swift */; };
		F00D687A1FEA3596003C80C2 /* BalanceTableViewCell.swift in Sources */ = {isa = PBXBuildFile; fileRef = F00D68781FEA3596003C80C2 /* BalanceTableViewCell.swift */; };
		F00D687B1FEA3596003C80C2 /* BalanceTableViewCell.xib in Resources */ = {isa = PBXBuildFile; fileRef = F00D68791FEA3596003C80C2 /* BalanceTableViewCell.xib */; };
		F00D688E1FEAECC8003C80C2 /* AccountTableViewController.swift in Sources */ = {isa = PBXBuildFile; fileRef = F00D688D1FEAECC8003C80C2 /* AccountTableViewController.swift */; };
		F00D68921FEB0849003C80C2 /* EstimatesTableViewCell.swift in Sources */ = {isa = PBXBuildFile; fileRef = F00D68901FEB0849003C80C2 /* EstimatesTableViewCell.swift */; };
		F00D68931FEB0849003C80C2 /* EstimatesTableViewCell.xib in Resources */ = {isa = PBXBuildFile; fileRef = F00D68911FEB0849003C80C2 /* EstimatesTableViewCell.xib */; };
		F00D68951FEB1C72003C80C2 /* CurrencyFormattedNumber.swift in Sources */ = {isa = PBXBuildFile; fileRef = F00D68941FEB1C72003C80C2 /* CurrencyFormattedNumber.swift */; };
		F0D1F6321FE8AFC400C346B4 /* AppDelegate.swift in Sources */ = {isa = PBXBuildFile; fileRef = F0D1F6311FE8AFC400C346B4 /* AppDelegate.swift */; };
		F0D1F6391FE8AFC400C346B4 /* Assets.xcassets in Resources */ = {isa = PBXBuildFile; fileRef = F0D1F6381FE8AFC400C346B4 /* Assets.xcassets */; };
		F0D1F63C1FE8AFC400C346B4 /* LaunchScreen.storyboard in Resources */ = {isa = PBXBuildFile; fileRef = F0D1F63A1FE8AFC400C346B4 /* LaunchScreen.storyboard */; };
		F0D1F6471FE8AFC400C346B4 /* MiningPoolHubTests.swift in Sources */ = {isa = PBXBuildFile; fileRef = F0D1F6461FE8AFC400C346B4 /* MiningPoolHubTests.swift */; };
		F0D1F6521FE8AFC400C346B4 /* MiningPoolHubUITests.swift in Sources */ = {isa = PBXBuildFile; fileRef = F0D1F6511FE8AFC400C346B4 /* MiningPoolHubUITests.swift */; };
		F20F7577EA25FAF177EAFD2A /* Pods_MiningPoolHubUITests.framework in Frameworks */ = {isa = PBXBuildFile; fileRef = A0385E8CE382419DFA44E7D2 /* Pods_MiningPoolHubUITests.framework */; };
/* End PBXBuildFile section */

/* Begin PBXContainerItemProxy section */
		F0D1F6431FE8AFC400C346B4 /* PBXContainerItemProxy */ = {
			isa = PBXContainerItemProxy;
			containerPortal = F0D1F6261FE8AFC400C346B4 /* Project object */;
			proxyType = 1;
			remoteGlobalIDString = F0D1F62D1FE8AFC400C346B4;
			remoteInfo = MiningPoolHub;
		};
		F0D1F64E1FE8AFC400C346B4 /* PBXContainerItemProxy */ = {
			isa = PBXContainerItemProxy;
			containerPortal = F0D1F6261FE8AFC400C346B4 /* Project object */;
			proxyType = 1;
			remoteGlobalIDString = F0D1F62D1FE8AFC400C346B4;
			remoteInfo = MiningPoolHub;
		};
/* End PBXContainerItemProxy section */

/* Begin PBXFileReference section */
		0708F297ACE19046B548F3B4 /* Pods-MiningPoolHub.debug.xcconfig */ = {isa = PBXFileReference; includeInIndex = 1; lastKnownFileType = text.xcconfig; name = "Pods-MiningPoolHub.debug.xcconfig"; path = "Pods/Target Support Files/Pods-MiningPoolHub/Pods-MiningPoolHub.debug.xcconfig"; sourceTree = "<group>"; };
		3FE6793A2B6A231AB07838A8 /* Pods-MiningPoolHubUITests.debug.xcconfig */ = {isa = PBXFileReference; includeInIndex = 1; lastKnownFileType = text.xcconfig; name = "Pods-MiningPoolHubUITests.debug.xcconfig"; path = "Pods/Target Support Files/Pods-MiningPoolHubUITests/Pods-MiningPoolHubUITests.debug.xcconfig"; sourceTree = "<group>"; };
		454A062888A9085CDA157D20 /* Pods_MiningPoolHubTests.framework */ = {isa = PBXFileReference; explicitFileType = wrapper.framework; includeInIndex = 0; path = Pods_MiningPoolHubTests.framework; sourceTree = BUILT_PRODUCTS_DIR; };
		75002C895138448B4F7DEBCE /* Pods-MiningPoolHubTests.debug.xcconfig */ = {isa = PBXFileReference; includeInIndex = 1; lastKnownFileType = text.xcconfig; name = "Pods-MiningPoolHubTests.debug.xcconfig"; path = "Pods/Target Support Files/Pods-MiningPoolHubTests/Pods-MiningPoolHubTests.debug.xcconfig"; sourceTree = "<group>"; };
		A0385E8CE382419DFA44E7D2 /* Pods_MiningPoolHubUITests.framework */ = {isa = PBXFileReference; explicitFileType = wrapper.framework; includeInIndex = 0; path = Pods_MiningPoolHubUITests.framework; sourceTree = BUILT_PRODUCTS_DIR; };
		B692D727EA42EBC71B3DE216 /* Pods_MiningPoolHub.framework */ = {isa = PBXFileReference; explicitFileType = wrapper.framework; includeInIndex = 0; path = Pods_MiningPoolHub.framework; sourceTree = BUILT_PRODUCTS_DIR; };
		B9D68FA50F862D476E45A7A5 /* Pods-MiningPoolHubUITests.release.xcconfig */ = {isa = PBXFileReference; includeInIndex = 1; lastKnownFileType = text.xcconfig; name = "Pods-MiningPoolHubUITests.release.xcconfig"; path = "Pods/Target Support Files/Pods-MiningPoolHubUITests/Pods-MiningPoolHubUITests.release.xcconfig"; sourceTree = "<group>"; };
		B9DEABC1F1B9E296192D843E /* Pods-MiningPoolHubTests.release.xcconfig */ = {isa = PBXFileReference; includeInIndex = 1; lastKnownFileType = text.xcconfig; name = "Pods-MiningPoolHubTests.release.xcconfig"; path = "Pods/Target Support Files/Pods-MiningPoolHubTests/Pods-MiningPoolHubTests.release.xcconfig"; sourceTree = "<group>"; };
		EC426CF5BA55BF5A427AA523 /* Pods-MiningPoolHub.release.xcconfig */ = {isa = PBXFileReference; includeInIndex = 1; lastKnownFileType = text.xcconfig; name = "Pods-MiningPoolHub.release.xcconfig"; path = "Pods/Target Support Files/Pods-MiningPoolHub/Pods-MiningPoolHub.release.xcconfig"; sourceTree = "<group>"; };
		F004B1DC1FEB60230017ECFF /* PulsableTableViewCell.swift */ = {isa = PBXFileReference; lastKnownFileType = sourcecode.swift; path = PulsableTableViewCell.swift; sourceTree = "<group>"; };
		F00D68641FEA03EF003C80C2 /* ProfitStatisticsTableViewCell.swift */ = {isa = PBXFileReference; lastKnownFileType = sourcecode.swift; path = ProfitStatisticsTableViewCell.swift; sourceTree = "<group>"; };
		F00D68651FEA03EF003C80C2 /* ProfitStatisticsTableViewCell.xib */ = {isa = PBXFileReference; lastKnownFileType = file.xib; path = ProfitStatisticsTableViewCell.xib; sourceTree = "<group>"; };
		F00D68681FEA0A8D003C80C2 /* ProfitStatisticsViewController.swift */ = {isa = PBXFileReference; lastKnownFileType = sourcecode.swift; path = ProfitStatisticsViewController.swift; sourceTree = "<group>"; };
		F00D686B1FEA0C57003C80C2 /* MphNavigationController.swift */ = {isa = PBXFileReference; lastKnownFileType = sourcecode.swift; path = MphNavigationController.swift; sourceTree = "<group>"; };
		F00D686D1FEA11DB003C80C2 /* ProfitStatisticsViewController.xib */ = {isa = PBXFileReference; lastKnownFileType = file.xib; path = ProfitStatisticsViewController.xib; sourceTree = "<group>"; };
		F00D68701FEA1480003C80C2 /* ContentType.swift */ = {isa = PBXFileReference; lastKnownFileType = sourcecode.swift; path = ContentType.swift; sourceTree = "<group>"; };
		F00D68721FEA148C003C80C2 /* Normalization.swift */ = {isa = PBXFileReference; lastKnownFileType = sourcecode.swift; path = Normalization.swift; sourceTree = "<group>"; };
		F00D68751FEA31EB003C80C2 /* UserBalancesTableViewController.swift */ = {isa = PBXFileReference; lastKnownFileType = sourcecode.swift; path = UserBalancesTableViewController.swift; sourceTree = "<group>"; };
		F00D68781FEA3596003C80C2 /* BalanceTableViewCell.swift */ = {isa = PBXFileReference; lastKnownFileType = sourcecode.swift; path = BalanceTableViewCell.swift; sourceTree = "<group>"; };
		F00D68791FEA3596003C80C2 /* BalanceTableViewCell.xib */ = {isa = PBXFileReference; lastKnownFileType = file.xib; path = BalanceTableViewCell.xib; sourceTree = "<group>"; };
		F00D688D1FEAECC8003C80C2 /* AccountTableViewController.swift */ = {isa = PBXFileReference; lastKnownFileType = sourcecode.swift; path = AccountTableViewController.swift; sourceTree = "<group>"; };
		F00D68901FEB0849003C80C2 /* EstimatesTableViewCell.swift */ = {isa = PBXFileReference; lastKnownFileType = sourcecode.swift; path = EstimatesTableViewCell.swift; sourceTree = "<group>"; };
		F00D68911FEB0849003C80C2 /* EstimatesTableViewCell.xib */ = {isa = PBXFileReference; lastKnownFileType = file.xib; path = EstimatesTableViewCell.xib; sourceTree = "<group>"; };
		F00D68941FEB1C72003C80C2 /* CurrencyFormattedNumber.swift */ = {isa = PBXFileReference; lastKnownFileType = sourcecode.swift; path = CurrencyFormattedNumber.swift; sourceTree = "<group>"; };
		F0D1F62E1FE8AFC400C346B4 /* MiningPoolHub.app */ = {isa = PBXFileReference; explicitFileType = wrapper.application; includeInIndex = 0; path = MiningPoolHub.app; sourceTree = BUILT_PRODUCTS_DIR; };
		F0D1F6311FE8AFC400C346B4 /* AppDelegate.swift */ = {isa = PBXFileReference; lastKnownFileType = sourcecode.swift; path = AppDelegate.swift; sourceTree = "<group>"; };
		F0D1F6381FE8AFC400C346B4 /* Assets.xcassets */ = {isa = PBXFileReference; lastKnownFileType = folder.assetcatalog; path = Assets.xcassets; sourceTree = "<group>"; };
		F0D1F63B1FE8AFC400C346B4 /* Base */ = {isa = PBXFileReference; lastKnownFileType = file.storyboard; name = Base; path = Base.lproj/LaunchScreen.storyboard; sourceTree = "<group>"; };
		F0D1F63D1FE8AFC400C346B4 /* Info.plist */ = {isa = PBXFileReference; lastKnownFileType = text.plist.xml; path = Info.plist; sourceTree = "<group>"; };
		F0D1F6421FE8AFC400C346B4 /* MiningPoolHubTests.xctest */ = {isa = PBXFileReference; explicitFileType = wrapper.cfbundle; includeInIndex = 0; path = MiningPoolHubTests.xctest; sourceTree = BUILT_PRODUCTS_DIR; };
		F0D1F6461FE8AFC400C346B4 /* MiningPoolHubTests.swift */ = {isa = PBXFileReference; lastKnownFileType = sourcecode.swift; path = MiningPoolHubTests.swift; sourceTree = "<group>"; };
		F0D1F6481FE8AFC400C346B4 /* Info.plist */ = {isa = PBXFileReference; lastKnownFileType = text.plist.xml; path = Info.plist; sourceTree = "<group>"; };
		F0D1F64D1FE8AFC400C346B4 /* MiningPoolHubUITests.xctest */ = {isa = PBXFileReference; explicitFileType = wrapper.cfbundle; includeInIndex = 0; path = MiningPoolHubUITests.xctest; sourceTree = BUILT_PRODUCTS_DIR; };
		F0D1F6511FE8AFC400C346B4 /* MiningPoolHubUITests.swift */ = {isa = PBXFileReference; lastKnownFileType = sourcecode.swift; path = MiningPoolHubUITests.swift; sourceTree = "<group>"; };
		F0D1F6531FE8AFC400C346B4 /* Info.plist */ = {isa = PBXFileReference; lastKnownFileType = text.plist.xml; path = Info.plist; sourceTree = "<group>"; };
/* End PBXFileReference section */

/* Begin PBXFrameworksBuildPhase section */
		F0D1F62B1FE8AFC400C346B4 /* Frameworks */ = {
			isa = PBXFrameworksBuildPhase;
			buildActionMask = 2147483647;
			files = (
				8543D0D03B35C5B39626F84A /* Pods_MiningPoolHub.framework in Frameworks */,
			);
			runOnlyForDeploymentPostprocessing = 0;
		};
		F0D1F63F1FE8AFC400C346B4 /* Frameworks */ = {
			isa = PBXFrameworksBuildPhase;
			buildActionMask = 2147483647;
			files = (
				E2CE5D38328E0209329E37DE /* Pods_MiningPoolHubTests.framework in Frameworks */,
			);
			runOnlyForDeploymentPostprocessing = 0;
		};
		F0D1F64A1FE8AFC400C346B4 /* Frameworks */ = {
			isa = PBXFrameworksBuildPhase;
			buildActionMask = 2147483647;
			files = (
				F20F7577EA25FAF177EAFD2A /* Pods_MiningPoolHubUITests.framework in Frameworks */,
			);
			runOnlyForDeploymentPostprocessing = 0;
		};
/* End PBXFrameworksBuildPhase section */

/* Begin PBXGroup section */
		32CC5C3D6F541FC166A82CD2 /* Pods */ = {
			isa = PBXGroup;
			children = (
				0708F297ACE19046B548F3B4 /* Pods-MiningPoolHub.debug.xcconfig */,
				EC426CF5BA55BF5A427AA523 /* Pods-MiningPoolHub.release.xcconfig */,
				75002C895138448B4F7DEBCE /* Pods-MiningPoolHubTests.debug.xcconfig */,
				B9DEABC1F1B9E296192D843E /* Pods-MiningPoolHubTests.release.xcconfig */,
				3FE6793A2B6A231AB07838A8 /* Pods-MiningPoolHubUITests.debug.xcconfig */,
				B9D68FA50F862D476E45A7A5 /* Pods-MiningPoolHubUITests.release.xcconfig */,
			);
			name = Pods;
			sourceTree = "<group>";
		};
		707BCEFF057F7F1FB137D1FF /* Frameworks */ = {
			isa = PBXGroup;
			children = (
				B692D727EA42EBC71B3DE216 /* Pods_MiningPoolHub.framework */,
				454A062888A9085CDA157D20 /* Pods_MiningPoolHubTests.framework */,
				A0385E8CE382419DFA44E7D2 /* Pods_MiningPoolHubUITests.framework */,
			);
			name = Frameworks;
			sourceTree = "<group>";
		};
		F004B1DB1FEB600F0017ECFF /* Pulsable */ = {
			isa = PBXGroup;
			children = (
				F004B1DC1FEB60230017ECFF /* PulsableTableViewCell.swift */,
			);
			path = Pulsable;
			sourceTree = "<group>";
		};
		F00D68581FE9FE82003C80C2 /* Controllers */ = {
			isa = PBXGroup;
			children = (
				F00D688C1FEAECA9003C80C2 /* Account */,
				F00D68741FEA3167003C80C2 /* Balances */,
				F00D686A1FEA0C4C003C80C2 /* Navigation */,
				F00D685E1FE9FEFD003C80C2 /* ProfitStatistics */,
			);
			path = Controllers;
			sourceTree = "<group>";
		};
		F00D68591FE9FE8B003C80C2 /* Views */ = {
			isa = PBXGroup;
			children = (
				F00D685C1FE9FEC4003C80C2 /* UICollectionviewCells */,
				F00D685B1FE9FE9F003C80C2 /* UITableviewCells */,
				F00D685D1FE9FED1003C80C2 /* UIViews */,
			);
			path = Views;
			sourceTree = "<group>";
		};
		F00D685A1FE9FE95003C80C2 /* Models */ = {
			isa = PBXGroup;
			children = (
				F00D68941FEB1C72003C80C2 /* CurrencyFormattedNumber.swift */,
			);
			path = Models;
			sourceTree = "<group>";
		};
		F00D685B1FE9FE9F003C80C2 /* UITableviewCells */ = {
			isa = PBXGroup;
			children = (
				F004B1DB1FEB600F0017ECFF /* Pulsable */,
				F00D688F1FEB0832003C80C2 /* Estimates */,
				F00D68771FEA3581003C80C2 /* Balance */,
				F00D68631FEA03D6003C80C2 /* ProfitStatistics */,
			);
			path = UITableviewCells;
			sourceTree = "<group>";
		};
		F00D685C1FE9FEC4003C80C2 /* UICollectionviewCells */ = {
			isa = PBXGroup;
			children = (
			);
			path = UICollectionviewCells;
			sourceTree = "<group>";
		};
		F00D685D1FE9FED1003C80C2 /* UIViews */ = {
			isa = PBXGroup;
			children = (
			);
			path = UIViews;
			sourceTree = "<group>";
		};
		F00D685E1FE9FEFD003C80C2 /* ProfitStatistics */ = {
			isa = PBXGroup;
			children = (
				F00D68681FEA0A8D003C80C2 /* ProfitStatisticsViewController.swift */,
				F00D686D1FEA11DB003C80C2 /* ProfitStatisticsViewController.xib */,
			);
			path = ProfitStatistics;
			sourceTree = "<group>";
		};
		F00D68631FEA03D6003C80C2 /* ProfitStatistics */ = {
			isa = PBXGroup;
			children = (
				F00D68641FEA03EF003C80C2 /* ProfitStatisticsTableViewCell.swift */,
				F00D68651FEA03EF003C80C2 /* ProfitStatisticsTableViewCell.xib */,
			);
			path = ProfitStatistics;
			sourceTree = "<group>";
		};
		F00D686A1FEA0C4C003C80C2 /* Navigation */ = {
			isa = PBXGroup;
			children = (
				F00D686B1FEA0C57003C80C2 /* MphNavigationController.swift */,
			);
			path = Navigation;
			sourceTree = "<group>";
		};
		F00D686F1FEA1471003C80C2 /* Enumerations */ = {
			isa = PBXGroup;
			children = (
				F00D68701FEA1480003C80C2 /* ContentType.swift */,
				F00D68721FEA148C003C80C2 /* Normalization.swift */,
			);
			path = Enumerations;
			sourceTree = "<group>";
		};
		F00D68741FEA3167003C80C2 /* Balances */ = {
			isa = PBXGroup;
			children = (
				F00D68751FEA31EB003C80C2 /* UserBalancesTableViewController.swift */,
			);
			path = Balances;
			sourceTree = "<group>";
		};
		F00D68771FEA3581003C80C2 /* Balance */ = {
			isa = PBXGroup;
			children = (
				F00D68781FEA3596003C80C2 /* BalanceTableViewCell.swift */,
				F00D68791FEA3596003C80C2 /* BalanceTableViewCell.xib */,
			);
			path = Balance;
			sourceTree = "<group>";
		};
		F00D688C1FEAECA9003C80C2 /* Account */ = {
			isa = PBXGroup;
			children = (
				F00D688D1FEAECC8003C80C2 /* AccountTableViewController.swift */,
			);
			path = Account;
			sourceTree = "<group>";
		};
		F00D688F1FEB0832003C80C2 /* Estimates */ = {
			isa = PBXGroup;
			children = (
				F00D68901FEB0849003C80C2 /* EstimatesTableViewCell.swift */,
				F00D68911FEB0849003C80C2 /* EstimatesTableViewCell.xib */,
			);
			path = Estimates;
			sourceTree = "<group>";
		};
		F0D1F6251FE8AFC400C346B4 = {
			isa = PBXGroup;
			children = (
				F0D1F6301FE8AFC400C346B4 /* MiningPoolHub */,
				F0D1F6451FE8AFC400C346B4 /* MiningPoolHubTests */,
				F0D1F6501FE8AFC400C346B4 /* MiningPoolHubUITests */,
				F0D1F62F1FE8AFC400C346B4 /* Products */,
				32CC5C3D6F541FC166A82CD2 /* Pods */,
				707BCEFF057F7F1FB137D1FF /* Frameworks */,
			);
			sourceTree = "<group>";
		};
		F0D1F62F1FE8AFC400C346B4 /* Products */ = {
			isa = PBXGroup;
			children = (
				F0D1F62E1FE8AFC400C346B4 /* MiningPoolHub.app */,
				F0D1F6421FE8AFC400C346B4 /* MiningPoolHubTests.xctest */,
				F0D1F64D1FE8AFC400C346B4 /* MiningPoolHubUITests.xctest */,
			);
			name = Products;
			sourceTree = "<group>";
		};
		F0D1F6301FE8AFC400C346B4 /* MiningPoolHub */ = {
			isa = PBXGroup;
			children = (
				F00D686F1FEA1471003C80C2 /* Enumerations */,
				F00D685A1FE9FE95003C80C2 /* Models */,
				F00D68591FE9FE8B003C80C2 /* Views */,
				F00D68581FE9FE82003C80C2 /* Controllers */,
				F0D1F6311FE8AFC400C346B4 /* AppDelegate.swift */,
				F0D1F6381FE8AFC400C346B4 /* Assets.xcassets */,
				F0D1F63A1FE8AFC400C346B4 /* LaunchScreen.storyboard */,
				F0D1F63D1FE8AFC400C346B4 /* Info.plist */,
			);
			path = MiningPoolHub;
			sourceTree = "<group>";
		};
		F0D1F6451FE8AFC400C346B4 /* MiningPoolHubTests */ = {
			isa = PBXGroup;
			children = (
				F0D1F6461FE8AFC400C346B4 /* MiningPoolHubTests.swift */,
				F0D1F6481FE8AFC400C346B4 /* Info.plist */,
			);
			path = MiningPoolHubTests;
			sourceTree = "<group>";
		};
		F0D1F6501FE8AFC400C346B4 /* MiningPoolHubUITests */ = {
			isa = PBXGroup;
			children = (
				F0D1F6511FE8AFC400C346B4 /* MiningPoolHubUITests.swift */,
				F0D1F6531FE8AFC400C346B4 /* Info.plist */,
			);
			path = MiningPoolHubUITests;
			sourceTree = "<group>";
		};
/* End PBXGroup section */

/* Begin PBXNativeTarget section */
		F0D1F62D1FE8AFC400C346B4 /* MiningPoolHub */ = {
			isa = PBXNativeTarget;
			buildConfigurationList = F0D1F6561FE8AFC400C346B4 /* Build configuration list for PBXNativeTarget "MiningPoolHub" */;
			buildPhases = (
				B6B1DF947AEE9240C7F40A5E /* [CP] Check Pods Manifest.lock */,
				F0D1F62A1FE8AFC400C346B4 /* Sources */,
				F0D1F62B1FE8AFC400C346B4 /* Frameworks */,
				F0D1F62C1FE8AFC400C346B4 /* Resources */,
				656B8371A6846F9AA5462485 /* [CP] Embed Pods Frameworks */,
				DD0ADE182E0B8A2F0CB4AC9B /* [CP] Copy Pods Resources */,
			);
			buildRules = (
			);
			dependencies = (
			);
			name = MiningPoolHub;
			productName = MiningPoolHub;
			productReference = F0D1F62E1FE8AFC400C346B4 /* MiningPoolHub.app */;
			productType = "com.apple.product-type.application";
		};
		F0D1F6411FE8AFC400C346B4 /* MiningPoolHubTests */ = {
			isa = PBXNativeTarget;
			buildConfigurationList = F0D1F6591FE8AFC400C346B4 /* Build configuration list for PBXNativeTarget "MiningPoolHubTests" */;
			buildPhases = (
				B98B25CD805FE81E71BB4815 /* [CP] Check Pods Manifest.lock */,
				F0D1F63E1FE8AFC400C346B4 /* Sources */,
				F0D1F63F1FE8AFC400C346B4 /* Frameworks */,
				F0D1F6401FE8AFC400C346B4 /* Resources */,
				D129ADDE44D18BFE0607D35D /* [CP] Embed Pods Frameworks */,
				5A3552281E9FD2243E7EC69D /* [CP] Copy Pods Resources */,
			);
			buildRules = (
			);
			dependencies = (
				F0D1F6441FE8AFC400C346B4 /* PBXTargetDependency */,
			);
			name = MiningPoolHubTests;
			productName = MiningPoolHubTests;
			productReference = F0D1F6421FE8AFC400C346B4 /* MiningPoolHubTests.xctest */;
			productType = "com.apple.product-type.bundle.unit-test";
		};
		F0D1F64C1FE8AFC400C346B4 /* MiningPoolHubUITests */ = {
			isa = PBXNativeTarget;
			buildConfigurationList = F0D1F65C1FE8AFC400C346B4 /* Build configuration list for PBXNativeTarget "MiningPoolHubUITests" */;
			buildPhases = (
				CC3783B4282EBCE5A2CC859F /* [CP] Check Pods Manifest.lock */,
				F0D1F6491FE8AFC400C346B4 /* Sources */,
				F0D1F64A1FE8AFC400C346B4 /* Frameworks */,
				F0D1F64B1FE8AFC400C346B4 /* Resources */,
				CD3A668C7DEDB143129CD305 /* [CP] Embed Pods Frameworks */,
				E4869FD410014D686FEBDDC9 /* [CP] Copy Pods Resources */,
			);
			buildRules = (
			);
			dependencies = (
				F0D1F64F1FE8AFC400C346B4 /* PBXTargetDependency */,
			);
			name = MiningPoolHubUITests;
			productName = MiningPoolHubUITests;
			productReference = F0D1F64D1FE8AFC400C346B4 /* MiningPoolHubUITests.xctest */;
			productType = "com.apple.product-type.bundle.ui-testing";
		};
/* End PBXNativeTarget section */

/* Begin PBXProject section */
		F0D1F6261FE8AFC400C346B4 /* Project object */ = {
			isa = PBXProject;
			attributes = {
				LastSwiftUpdateCheck = 0920;
				LastUpgradeCheck = 0920;
				TargetAttributes = {
					F0D1F62D1FE8AFC400C346B4 = {
						CreatedOnToolsVersion = 9.2;
						ProvisioningStyle = Automatic;
					};
					F0D1F6411FE8AFC400C346B4 = {
						CreatedOnToolsVersion = 9.2;
						ProvisioningStyle = Automatic;
						TestTargetID = F0D1F62D1FE8AFC400C346B4;
					};
					F0D1F64C1FE8AFC400C346B4 = {
						CreatedOnToolsVersion = 9.2;
						ProvisioningStyle = Automatic;
						TestTargetID = F0D1F62D1FE8AFC400C346B4;
					};
				};
			};
			buildConfigurationList = F0D1F6291FE8AFC400C346B4 /* Build configuration list for PBXProject "MiningPoolHub" */;
			compatibilityVersion = "Xcode 8.0";
			developmentRegion = en;
			hasScannedForEncodings = 0;
			knownRegions = (
				en,
				Base,
			);
			mainGroup = F0D1F6251FE8AFC400C346B4;
			productRefGroup = F0D1F62F1FE8AFC400C346B4 /* Products */;
			projectDirPath = "";
			projectRoot = "";
			targets = (
				F0D1F62D1FE8AFC400C346B4 /* MiningPoolHub */,
				F0D1F6411FE8AFC400C346B4 /* MiningPoolHubTests */,
				F0D1F64C1FE8AFC400C346B4 /* MiningPoolHubUITests */,
			);
		};
/* End PBXProject section */

/* Begin PBXResourcesBuildPhase section */
		F0D1F62C1FE8AFC400C346B4 /* Resources */ = {
			isa = PBXResourcesBuildPhase;
			buildActionMask = 2147483647;
			files = (
				F00D68671FEA03EF003C80C2 /* ProfitStatisticsTableViewCell.xib in Resources */,
				F0D1F63C1FE8AFC400C346B4 /* LaunchScreen.storyboard in Resources */,
				F00D686E1FEA11DC003C80C2 /* ProfitStatisticsViewController.xib in Resources */,
				F00D687B1FEA3596003C80C2 /* BalanceTableViewCell.xib in Resources */,
				F0D1F6391FE8AFC400C346B4 /* Assets.xcassets in Resources */,
				F00D68931FEB0849003C80C2 /* EstimatesTableViewCell.xib in Resources */,
			);
			runOnlyForDeploymentPostprocessing = 0;
		};
		F0D1F6401FE8AFC400C346B4 /* Resources */ = {
			isa = PBXResourcesBuildPhase;
			buildActionMask = 2147483647;
			files = (
			);
			runOnlyForDeploymentPostprocessing = 0;
		};
		F0D1F64B1FE8AFC400C346B4 /* Resources */ = {
			isa = PBXResourcesBuildPhase;
			buildActionMask = 2147483647;
			files = (
			);
			runOnlyForDeploymentPostprocessing = 0;
		};
/* End PBXResourcesBuildPhase section */

/* Begin PBXShellScriptBuildPhase section */
		5A3552281E9FD2243E7EC69D /* [CP] Copy Pods Resources */ = {
			isa = PBXShellScriptBuildPhase;
			buildActionMask = 2147483647;
			files = (
			);
			inputPaths = (
			);
			name = "[CP] Copy Pods Resources";
			outputPaths = (
			);
			runOnlyForDeploymentPostprocessing = 0;
			shellPath = /bin/sh;
			shellScript = "\"${SRCROOT}/Pods/Target Support Files/Pods-MiningPoolHubTests/Pods-MiningPoolHubTests-resources.sh\"\n";
			showEnvVarsInLog = 0;
		};
		656B8371A6846F9AA5462485 /* [CP] Embed Pods Frameworks */ = {
			isa = PBXShellScriptBuildPhase;
			buildActionMask = 2147483647;
			files = (
			);
			inputPaths = (
				"${SRCROOT}/Pods/Target Support Files/Pods-MiningPoolHub/Pods-MiningPoolHub-frameworks.sh",
				"${BUILT_PRODUCTS_DIR}/DateToolsSwift/DateToolsSwift.framework",
				"${BUILT_PRODUCTS_DIR}/Kingfisher/Kingfisher.framework",
				"${BUILT_PRODUCTS_DIR}/MiningPoolHub-Swift/MiningPoolHub_Swift.framework",
				"${BUILT_PRODUCTS_DIR}/ObjectMapper/ObjectMapper.framework",
			);
			name = "[CP] Embed Pods Frameworks";
			outputPaths = (
				"${TARGET_BUILD_DIR}/${FRAMEWORKS_FOLDER_PATH}/DateToolsSwift.framework",
				"${TARGET_BUILD_DIR}/${FRAMEWORKS_FOLDER_PATH}/Kingfisher.framework",
				"${TARGET_BUILD_DIR}/${FRAMEWORKS_FOLDER_PATH}/MiningPoolHub_Swift.framework",
				"${TARGET_BUILD_DIR}/${FRAMEWORKS_FOLDER_PATH}/ObjectMapper.framework",
			);
			runOnlyForDeploymentPostprocessing = 0;
			shellPath = /bin/sh;
			shellScript = "\"${SRCROOT}/Pods/Target Support Files/Pods-MiningPoolHub/Pods-MiningPoolHub-frameworks.sh\"\n";
			showEnvVarsInLog = 0;
		};
		B6B1DF947AEE9240C7F40A5E /* [CP] Check Pods Manifest.lock */ = {
			isa = PBXShellScriptBuildPhase;
			buildActionMask = 2147483647;
			files = (
			);
			inputPaths = (
				"${PODS_PODFILE_DIR_PATH}/Podfile.lock",
				"${PODS_ROOT}/Manifest.lock",
			);
			name = "[CP] Check Pods Manifest.lock";
			outputPaths = (
				"$(DERIVED_FILE_DIR)/Pods-MiningPoolHub-checkManifestLockResult.txt",
			);
			runOnlyForDeploymentPostprocessing = 0;
			shellPath = /bin/sh;
			shellScript = "diff \"${PODS_PODFILE_DIR_PATH}/Podfile.lock\" \"${PODS_ROOT}/Manifest.lock\" > /dev/null\nif [ $? != 0 ] ; then\n    # print error to STDERR\n    echo \"error: The sandbox is not in sync with the Podfile.lock. Run 'pod install' or update your CocoaPods installation.\" >&2\n    exit 1\nfi\n# This output is used by Xcode 'outputs' to avoid re-running this script phase.\necho \"SUCCESS\" > \"${SCRIPT_OUTPUT_FILE_0}\"\n";
			showEnvVarsInLog = 0;
		};
		B98B25CD805FE81E71BB4815 /* [CP] Check Pods Manifest.lock */ = {
			isa = PBXShellScriptBuildPhase;
			buildActionMask = 2147483647;
			files = (
			);
			inputPaths = (
				"${PODS_PODFILE_DIR_PATH}/Podfile.lock",
				"${PODS_ROOT}/Manifest.lock",
			);
			name = "[CP] Check Pods Manifest.lock";
			outputPaths = (
				"$(DERIVED_FILE_DIR)/Pods-MiningPoolHubTests-checkManifestLockResult.txt",
			);
			runOnlyForDeploymentPostprocessing = 0;
			shellPath = /bin/sh;
			shellScript = "diff \"${PODS_PODFILE_DIR_PATH}/Podfile.lock\" \"${PODS_ROOT}/Manifest.lock\" > /dev/null\nif [ $? != 0 ] ; then\n    # print error to STDERR\n    echo \"error: The sandbox is not in sync with the Podfile.lock. Run 'pod install' or update your CocoaPods installation.\" >&2\n    exit 1\nfi\n# This output is used by Xcode 'outputs' to avoid re-running this script phase.\necho \"SUCCESS\" > \"${SCRIPT_OUTPUT_FILE_0}\"\n";
			showEnvVarsInLog = 0;
		};
		CC3783B4282EBCE5A2CC859F /* [CP] Check Pods Manifest.lock */ = {
			isa = PBXShellScriptBuildPhase;
			buildActionMask = 2147483647;
			files = (
			);
			inputPaths = (
				"${PODS_PODFILE_DIR_PATH}/Podfile.lock",
				"${PODS_ROOT}/Manifest.lock",
			);
			name = "[CP] Check Pods Manifest.lock";
			outputPaths = (
				"$(DERIVED_FILE_DIR)/Pods-MiningPoolHubUITests-checkManifestLockResult.txt",
			);
			runOnlyForDeploymentPostprocessing = 0;
			shellPath = /bin/sh;
			shellScript = "diff \"${PODS_PODFILE_DIR_PATH}/Podfile.lock\" \"${PODS_ROOT}/Manifest.lock\" > /dev/null\nif [ $? != 0 ] ; then\n    # print error to STDERR\n    echo \"error: The sandbox is not in sync with the Podfile.lock. Run 'pod install' or update your CocoaPods installation.\" >&2\n    exit 1\nfi\n# This output is used by Xcode 'outputs' to avoid re-running this script phase.\necho \"SUCCESS\" > \"${SCRIPT_OUTPUT_FILE_0}\"\n";
			showEnvVarsInLog = 0;
		};
		CD3A668C7DEDB143129CD305 /* [CP] Embed Pods Frameworks */ = {
			isa = PBXShellScriptBuildPhase;
			buildActionMask = 2147483647;
			files = (
			);
			inputPaths = (
			);
			name = "[CP] Embed Pods Frameworks";
			outputPaths = (
			);
			runOnlyForDeploymentPostprocessing = 0;
			shellPath = /bin/sh;
			shellScript = "\"${SRCROOT}/Pods/Target Support Files/Pods-MiningPoolHubUITests/Pods-MiningPoolHubUITests-frameworks.sh\"\n";
			showEnvVarsInLog = 0;
		};
		D129ADDE44D18BFE0607D35D /* [CP] Embed Pods Frameworks */ = {
			isa = PBXShellScriptBuildPhase;
			buildActionMask = 2147483647;
			files = (
			);
			inputPaths = (
			);
			name = "[CP] Embed Pods Frameworks";
			outputPaths = (
			);
			runOnlyForDeploymentPostprocessing = 0;
			shellPath = /bin/sh;
			shellScript = "\"${SRCROOT}/Pods/Target Support Files/Pods-MiningPoolHubTests/Pods-MiningPoolHubTests-frameworks.sh\"\n";
			showEnvVarsInLog = 0;
		};
		DD0ADE182E0B8A2F0CB4AC9B /* [CP] Copy Pods Resources */ = {
			isa = PBXShellScriptBuildPhase;
			buildActionMask = 2147483647;
			files = (
			);
			inputPaths = (
			);
			name = "[CP] Copy Pods Resources";
			outputPaths = (
			);
			runOnlyForDeploymentPostprocessing = 0;
			shellPath = /bin/sh;
			shellScript = "\"${SRCROOT}/Pods/Target Support Files/Pods-MiningPoolHub/Pods-MiningPoolHub-resources.sh\"\n";
			showEnvVarsInLog = 0;
		};
		E4869FD410014D686FEBDDC9 /* [CP] Copy Pods Resources */ = {
			isa = PBXShellScriptBuildPhase;
			buildActionMask = 2147483647;
			files = (
			);
			inputPaths = (
			);
			name = "[CP] Copy Pods Resources";
			outputPaths = (
			);
			runOnlyForDeploymentPostprocessing = 0;
			shellPath = /bin/sh;
			shellScript = "\"${SRCROOT}/Pods/Target Support Files/Pods-MiningPoolHubUITests/Pods-MiningPoolHubUITests-resources.sh\"\n";
			showEnvVarsInLog = 0;
		};
/* End PBXShellScriptBuildPhase section */

/* Begin PBXSourcesBuildPhase section */
		F0D1F62A1FE8AFC400C346B4 /* Sources */ = {
			isa = PBXSourcesBuildPhase;
			buildActionMask = 2147483647;
			files = (
				F00D68711FEA1480003C80C2 /* ContentType.swift in Sources */,
				F00D68661FEA03EF003C80C2 /* ProfitStatisticsTableViewCell.swift in Sources */,
				F00D686C1FEA0C57003C80C2 /* MphNavigationController.swift in Sources */,
				F00D68921FEB0849003C80C2 /* EstimatesTableViewCell.swift in Sources */,
				F00D68691FEA0A8D003C80C2 /* ProfitStatisticsViewController.swift in Sources */,
				F004B1DD1FEB60230017ECFF /* PulsableTableViewCell.swift in Sources */,
				F00D68951FEB1C72003C80C2 /* CurrencyFormattedNumber.swift in Sources */,
				F0D1F6321FE8AFC400C346B4 /* AppDelegate.swift in Sources */,
				F00D68761FEA31EB003C80C2 /* UserBalancesTableViewController.swift in Sources */,
				F00D687A1FEA3596003C80C2 /* BalanceTableViewCell.swift in Sources */,
				F00D68731FEA148C003C80C2 /* Normalization.swift in Sources */,
				F00D688E1FEAECC8003C80C2 /* AccountTableViewController.swift in Sources */,
			);
			runOnlyForDeploymentPostprocessing = 0;
		};
		F0D1F63E1FE8AFC400C346B4 /* Sources */ = {
			isa = PBXSourcesBuildPhase;
			buildActionMask = 2147483647;
			files = (
				F0D1F6471FE8AFC400C346B4 /* MiningPoolHubTests.swift in Sources */,
			);
			runOnlyForDeploymentPostprocessing = 0;
		};
		F0D1F6491FE8AFC400C346B4 /* Sources */ = {
			isa = PBXSourcesBuildPhase;
			buildActionMask = 2147483647;
			files = (
				F0D1F6521FE8AFC400C346B4 /* MiningPoolHubUITests.swift in Sources */,
			);
			runOnlyForDeploymentPostprocessing = 0;
		};
/* End PBXSourcesBuildPhase section */

/* Begin PBXTargetDependency section */
		F0D1F6441FE8AFC400C346B4 /* PBXTargetDependency */ = {
			isa = PBXTargetDependency;
			target = F0D1F62D1FE8AFC400C346B4 /* MiningPoolHub */;
			targetProxy = F0D1F6431FE8AFC400C346B4 /* PBXContainerItemProxy */;
		};
		F0D1F64F1FE8AFC400C346B4 /* PBXTargetDependency */ = {
			isa = PBXTargetDependency;
			target = F0D1F62D1FE8AFC400C346B4 /* MiningPoolHub */;
			targetProxy = F0D1F64E1FE8AFC400C346B4 /* PBXContainerItemProxy */;
		};
/* End PBXTargetDependency section */

/* Begin PBXVariantGroup section */
		F0D1F63A1FE8AFC400C346B4 /* LaunchScreen.storyboard */ = {
			isa = PBXVariantGroup;
			children = (
				F0D1F63B1FE8AFC400C346B4 /* Base */,
			);
			name = LaunchScreen.storyboard;
			sourceTree = "<group>";
		};
/* End PBXVariantGroup section */

/* Begin XCBuildConfiguration section */
		F0D1F6541FE8AFC400C346B4 /* Debug */ = {
			isa = XCBuildConfiguration;
			buildSettings = {
				ALWAYS_SEARCH_USER_PATHS = NO;
				CLANG_ANALYZER_NONNULL = YES;
				CLANG_ANALYZER_NUMBER_OBJECT_CONVERSION = YES_AGGRESSIVE;
				CLANG_CXX_LANGUAGE_STANDARD = "gnu++14";
				CLANG_CXX_LIBRARY = "libc++";
				CLANG_ENABLE_MODULES = YES;
				CLANG_ENABLE_OBJC_ARC = YES;
				CLANG_WARN_BLOCK_CAPTURE_AUTORELEASING = YES;
				CLANG_WARN_BOOL_CONVERSION = YES;
				CLANG_WARN_COMMA = YES;
				CLANG_WARN_CONSTANT_CONVERSION = YES;
				CLANG_WARN_DIRECT_OBJC_ISA_USAGE = YES_ERROR;
				CLANG_WARN_DOCUMENTATION_COMMENTS = YES;
				CLANG_WARN_EMPTY_BODY = YES;
				CLANG_WARN_ENUM_CONVERSION = YES;
				CLANG_WARN_INFINITE_RECURSION = YES;
				CLANG_WARN_INT_CONVERSION = YES;
				CLANG_WARN_NON_LITERAL_NULL_CONVERSION = YES;
				CLANG_WARN_OBJC_LITERAL_CONVERSION = YES;
				CLANG_WARN_OBJC_ROOT_CLASS = YES_ERROR;
				CLANG_WARN_RANGE_LOOP_ANALYSIS = YES;
				CLANG_WARN_STRICT_PROTOTYPES = YES;
				CLANG_WARN_SUSPICIOUS_MOVE = YES;
				CLANG_WARN_UNGUARDED_AVAILABILITY = YES_AGGRESSIVE;
				CLANG_WARN_UNREACHABLE_CODE = YES;
				CLANG_WARN__DUPLICATE_METHOD_MATCH = YES;
				CODE_SIGN_IDENTITY = "iPhone Developer";
				COPY_PHASE_STRIP = NO;
				DEBUG_INFORMATION_FORMAT = dwarf;
				ENABLE_STRICT_OBJC_MSGSEND = YES;
				ENABLE_TESTABILITY = YES;
				GCC_C_LANGUAGE_STANDARD = gnu11;
				GCC_DYNAMIC_NO_PIC = NO;
				GCC_NO_COMMON_BLOCKS = YES;
				GCC_OPTIMIZATION_LEVEL = 0;
				GCC_PREPROCESSOR_DEFINITIONS = (
					"DEBUG=1",
					"$(inherited)",
				);
				GCC_WARN_64_TO_32_BIT_CONVERSION = YES;
				GCC_WARN_ABOUT_RETURN_TYPE = YES_ERROR;
				GCC_WARN_UNDECLARED_SELECTOR = YES;
				GCC_WARN_UNINITIALIZED_AUTOS = YES_AGGRESSIVE;
				GCC_WARN_UNUSED_FUNCTION = YES;
				GCC_WARN_UNUSED_VARIABLE = YES;
				IPHONEOS_DEPLOYMENT_TARGET = 11.2;
				MTL_ENABLE_DEBUG_INFO = YES;
				ONLY_ACTIVE_ARCH = YES;
				SDKROOT = iphoneos;
				SWIFT_ACTIVE_COMPILATION_CONDITIONS = DEBUG;
				SWIFT_OPTIMIZATION_LEVEL = "-Onone";
			};
			name = Debug;
		};
		F0D1F6551FE8AFC400C346B4 /* Release */ = {
			isa = XCBuildConfiguration;
			buildSettings = {
				ALWAYS_SEARCH_USER_PATHS = NO;
				CLANG_ANALYZER_NONNULL = YES;
				CLANG_ANALYZER_NUMBER_OBJECT_CONVERSION = YES_AGGRESSIVE;
				CLANG_CXX_LANGUAGE_STANDARD = "gnu++14";
				CLANG_CXX_LIBRARY = "libc++";
				CLANG_ENABLE_MODULES = YES;
				CLANG_ENABLE_OBJC_ARC = YES;
				CLANG_WARN_BLOCK_CAPTURE_AUTORELEASING = YES;
				CLANG_WARN_BOOL_CONVERSION = YES;
				CLANG_WARN_COMMA = YES;
				CLANG_WARN_CONSTANT_CONVERSION = YES;
				CLANG_WARN_DIRECT_OBJC_ISA_USAGE = YES_ERROR;
				CLANG_WARN_DOCUMENTATION_COMMENTS = YES;
				CLANG_WARN_EMPTY_BODY = YES;
				CLANG_WARN_ENUM_CONVERSION = YES;
				CLANG_WARN_INFINITE_RECURSION = YES;
				CLANG_WARN_INT_CONVERSION = YES;
				CLANG_WARN_NON_LITERAL_NULL_CONVERSION = YES;
				CLANG_WARN_OBJC_LITERAL_CONVERSION = YES;
				CLANG_WARN_OBJC_ROOT_CLASS = YES_ERROR;
				CLANG_WARN_RANGE_LOOP_ANALYSIS = YES;
				CLANG_WARN_STRICT_PROTOTYPES = YES;
				CLANG_WARN_SUSPICIOUS_MOVE = YES;
				CLANG_WARN_UNGUARDED_AVAILABILITY = YES_AGGRESSIVE;
				CLANG_WARN_UNREACHABLE_CODE = YES;
				CLANG_WARN__DUPLICATE_METHOD_MATCH = YES;
				CODE_SIGN_IDENTITY = "iPhone Developer";
				COPY_PHASE_STRIP = NO;
				DEBUG_INFORMATION_FORMAT = "dwarf-with-dsym";
				ENABLE_NS_ASSERTIONS = NO;
				ENABLE_STRICT_OBJC_MSGSEND = YES;
				GCC_C_LANGUAGE_STANDARD = gnu11;
				GCC_NO_COMMON_BLOCKS = YES;
				GCC_WARN_64_TO_32_BIT_CONVERSION = YES;
				GCC_WARN_ABOUT_RETURN_TYPE = YES_ERROR;
				GCC_WARN_UNDECLARED_SELECTOR = YES;
				GCC_WARN_UNINITIALIZED_AUTOS = YES_AGGRESSIVE;
				GCC_WARN_UNUSED_FUNCTION = YES;
				GCC_WARN_UNUSED_VARIABLE = YES;
				IPHONEOS_DEPLOYMENT_TARGET = 11.2;
				MTL_ENABLE_DEBUG_INFO = NO;
				SDKROOT = iphoneos;
				SWIFT_OPTIMIZATION_LEVEL = "-Owholemodule";
				VALIDATE_PRODUCT = YES;
			};
			name = Release;
		};
		F0D1F6571FE8AFC400C346B4 /* Debug */ = {
			isa = XCBuildConfiguration;
			baseConfigurationReference = 0708F297ACE19046B548F3B4 /* Pods-MiningPoolHub.debug.xcconfig */;
			buildSettings = {
				ASSETCATALOG_COMPILER_APPICON_NAME = AppIcon;
				CODE_SIGN_STYLE = Automatic;
				DEVELOPMENT_TEAM = F524X93FN5;
				INFOPLIST_FILE = MiningPoolHub/Info.plist;
				LD_RUNPATH_SEARCH_PATHS = "$(inherited) @executable_path/Frameworks";
				PRODUCT_BUNDLE_IDENTIFIER = com.matthewyork.MiningPoolHub;
				PRODUCT_NAME = "$(TARGET_NAME)";
				SWIFT_VERSION = 4.0;
				TARGETED_DEVICE_FAMILY = 1;
			};
			name = Debug;
		};
		F0D1F6581FE8AFC400C346B4 /* Release */ = {
			isa = XCBuildConfiguration;
			baseConfigurationReference = EC426CF5BA55BF5A427AA523 /* Pods-MiningPoolHub.release.xcconfig */;
			buildSettings = {
				ASSETCATALOG_COMPILER_APPICON_NAME = AppIcon;
				CODE_SIGN_STYLE = Automatic;
				DEVELOPMENT_TEAM = F524X93FN5;
				INFOPLIST_FILE = MiningPoolHub/Info.plist;
				LD_RUNPATH_SEARCH_PATHS = "$(inherited) @executable_path/Frameworks";
				PRODUCT_BUNDLE_IDENTIFIER = com.matthewyork.MiningPoolHub;
				PRODUCT_NAME = "$(TARGET_NAME)";
				SWIFT_VERSION = 4.0;
				TARGETED_DEVICE_FAMILY = 1;
			};
			name = Release;
		};
		F0D1F65A1FE8AFC400C346B4 /* Debug */ = {
			isa = XCBuildConfiguration;
			baseConfigurationReference = 75002C895138448B4F7DEBCE /* Pods-MiningPoolHubTests.debug.xcconfig */;
			buildSettings = {
				ALWAYS_EMBED_SWIFT_STANDARD_LIBRARIES = YES;
				BUNDLE_LOADER = "$(TEST_HOST)";
				CODE_SIGN_STYLE = Automatic;
				DEVELOPMENT_TEAM = F524X93FN5;
				INFOPLIST_FILE = MiningPoolHubTests/Info.plist;
				LD_RUNPATH_SEARCH_PATHS = "$(inherited) @executable_path/Frameworks @loader_path/Frameworks";
				PRODUCT_BUNDLE_IDENTIFIER = com.matthewyork.MiningPoolHubTests;
				PRODUCT_NAME = "$(TARGET_NAME)";
				SWIFT_VERSION = 4.0;
				TARGETED_DEVICE_FAMILY = "1,2";
				TEST_HOST = "$(BUILT_PRODUCTS_DIR)/MiningPoolHub.app/MiningPoolHub";
			};
			name = Debug;
		};
		F0D1F65B1FE8AFC400C346B4 /* Release */ = {
			isa = XCBuildConfiguration;
			baseConfigurationReference = B9DEABC1F1B9E296192D843E /* Pods-MiningPoolHubTests.release.xcconfig */;
			buildSettings = {
				ALWAYS_EMBED_SWIFT_STANDARD_LIBRARIES = YES;
				BUNDLE_LOADER = "$(TEST_HOST)";
				CODE_SIGN_STYLE = Automatic;
				DEVELOPMENT_TEAM = F524X93FN5;
				INFOPLIST_FILE = MiningPoolHubTests/Info.plist;
				LD_RUNPATH_SEARCH_PATHS = "$(inherited) @executable_path/Frameworks @loader_path/Frameworks";
				PRODUCT_BUNDLE_IDENTIFIER = com.matthewyork.MiningPoolHubTests;
				PRODUCT_NAME = "$(TARGET_NAME)";
				SWIFT_VERSION = 4.0;
				TARGETED_DEVICE_FAMILY = "1,2";
				TEST_HOST = "$(BUILT_PRODUCTS_DIR)/MiningPoolHub.app/MiningPoolHub";
			};
			name = Release;
		};
		F0D1F65D1FE8AFC400C346B4 /* Debug */ = {
			isa = XCBuildConfiguration;
			baseConfigurationReference = 3FE6793A2B6A231AB07838A8 /* Pods-MiningPoolHubUITests.debug.xcconfig */;
			buildSettings = {
				ALWAYS_EMBED_SWIFT_STANDARD_LIBRARIES = YES;
				CODE_SIGN_STYLE = Automatic;
				DEVELOPMENT_TEAM = F524X93FN5;
				INFOPLIST_FILE = MiningPoolHubUITests/Info.plist;
				LD_RUNPATH_SEARCH_PATHS = "$(inherited) @executable_path/Frameworks @loader_path/Frameworks";
				PRODUCT_BUNDLE_IDENTIFIER = com.matthewyork.MiningPoolHubUITests;
				PRODUCT_NAME = "$(TARGET_NAME)";
				SWIFT_VERSION = 4.0;
				TARGETED_DEVICE_FAMILY = "1,2";
				TEST_TARGET_NAME = MiningPoolHub;
			};
			name = Debug;
		};
		F0D1F65E1FE8AFC400C346B4 /* Release */ = {
			isa = XCBuildConfiguration;
			baseConfigurationReference = B9D68FA50F862D476E45A7A5 /* Pods-MiningPoolHubUITests.release.xcconfig */;
			buildSettings = {
				ALWAYS_EMBED_SWIFT_STANDARD_LIBRARIES = YES;
				CODE_SIGN_STYLE = Automatic;
				DEVELOPMENT_TEAM = F524X93FN5;
				INFOPLIST_FILE = MiningPoolHubUITests/Info.plist;
				LD_RUNPATH_SEARCH_PATHS = "$(inherited) @executable_path/Frameworks @loader_path/Frameworks";
				PRODUCT_BUNDLE_IDENTIFIER = com.matthewyork.MiningPoolHubUITests;
				PRODUCT_NAME = "$(TARGET_NAME)";
				SWIFT_VERSION = 4.0;
				TARGETED_DEVICE_FAMILY = "1,2";
				TEST_TARGET_NAME = MiningPoolHub;
			};
			name = Release;
		};
/* End XCBuildConfiguration section */

/* Begin XCConfigurationList section */
		F0D1F6291FE8AFC400C346B4 /* Build configuration list for PBXProject "MiningPoolHub" */ = {
			isa = XCConfigurationList;
			buildConfigurations = (
				F0D1F6541FE8AFC400C346B4 /* Debug */,
				F0D1F6551FE8AFC400C346B4 /* Release */,
			);
			defaultConfigurationIsVisible = 0;
			defaultConfigurationName = Release;
		};
		F0D1F6561FE8AFC400C346B4 /* Build configuration list for PBXNativeTarget "MiningPoolHub" */ = {
			isa = XCConfigurationList;
			buildConfigurations = (
				F0D1F6571FE8AFC400C346B4 /* Debug */,
				F0D1F6581FE8AFC400C346B4 /* Release */,
			);
			defaultConfigurationIsVisible = 0;
			defaultConfigurationName = Release;
		};
		F0D1F6591FE8AFC400C346B4 /* Build configuration list for PBXNativeTarget "MiningPoolHubTests" */ = {
			isa = XCConfigurationList;
			buildConfigurations = (
				F0D1F65A1FE8AFC400C346B4 /* Debug */,
				F0D1F65B1FE8AFC400C346B4 /* Release */,
			);
			defaultConfigurationIsVisible = 0;
			defaultConfigurationName = Release;
		};
		F0D1F65C1FE8AFC400C346B4 /* Build configuration list for PBXNativeTarget "MiningPoolHubUITests" */ = {
			isa = XCConfigurationList;
			buildConfigurations = (
				F0D1F65D1FE8AFC400C346B4 /* Debug */,
				F0D1F65E1FE8AFC400C346B4 /* Release */,
			);
			defaultConfigurationIsVisible = 0;
			defaultConfigurationName = Release;
		};
/* End XCConfigurationList section */
	};
	rootObject = F0D1F6261FE8AFC400C346B4 /* Project object */;
}
